// !$*UTF8*$!
{
	archiveVersion = 1;
	classes = {
	};
	objectVersion = 50;
	objects = {

/* Begin PBXBuildFile section */
		9B43149B25DF8507006D4A41 /* MapViewController.swift in Sources */ = {isa = PBXBuildFile; fileRef = 9B43149A25DF8507006D4A41 /* MapViewController.swift */; };
		9B453FB425E76B2C009808EC /* Localizable.strings in Resources */ = {isa = PBXBuildFile; fileRef = 9B453FB625E76B2C009808EC /* Localizable.strings */; };
		9BCE845925DE1124002B45CC /* AppDelegate.swift in Sources */ = {isa = PBXBuildFile; fileRef = 9BCE845825DE1124002B45CC /* AppDelegate.swift */; };
		9BCE845B25DE1124002B45CC /* SceneDelegate.swift in Sources */ = {isa = PBXBuildFile; fileRef = 9BCE845A25DE1124002B45CC /* SceneDelegate.swift */; };
		9BCE845D25DE1124002B45CC /* ConversionViewController.swift in Sources */ = {isa = PBXBuildFile; fileRef = 9BCE845C25DE1124002B45CC /* ConversionViewController.swift */; };
		9BCE846025DE1124002B45CC /* Main.storyboard in Resources */ = {isa = PBXBuildFile; fileRef = 9BCE845E25DE1124002B45CC /* Main.storyboard */; };
		9BCE846225DE1125002B45CC /* Assets.xcassets in Resources */ = {isa = PBXBuildFile; fileRef = 9BCE846125DE1125002B45CC /* Assets.xcassets */; };
		9BCE846525DE1125002B45CC /* LaunchScreen.storyboard in Resources */ = {isa = PBXBuildFile; fileRef = 9BCE846325DE1125002B45CC /* LaunchScreen.storyboard */; };
		9BCE847025DE1125002B45CC /* WorldTrotterTests.swift in Sources */ = {isa = PBXBuildFile; fileRef = 9BCE846F25DE1125002B45CC /* WorldTrotterTests.swift */; };
		9BCE847B25DE1125002B45CC /* WorldTrotterUITests.swift in Sources */ = {isa = PBXBuildFile; fileRef = 9BCE847A25DE1125002B45CC /* WorldTrotterUITests.swift */; };
/* End PBXBuildFile section */

/* Begin PBXContainerItemProxy section */
		9BCE846C25DE1125002B45CC /* PBXContainerItemProxy */ = {
			isa = PBXContainerItemProxy;
			containerPortal = 9BCE844D25DE1124002B45CC /* Project object */;
			proxyType = 1;
			remoteGlobalIDString = 9BCE845425DE1124002B45CC;
			remoteInfo = WorldTrotter;
		};
		9BCE847725DE1125002B45CC /* PBXContainerItemProxy */ = {
			isa = PBXContainerItemProxy;
			containerPortal = 9BCE844D25DE1124002B45CC /* Project object */;
			proxyType = 1;
			remoteGlobalIDString = 9BCE845425DE1124002B45CC;
			remoteInfo = WorldTrotter;
		};
/* End PBXContainerItemProxy section */

/* Begin PBXFileReference section */
		9B43149A25DF8507006D4A41 /* MapViewController.swift */ = {isa = PBXFileReference; lastKnownFileType = sourcecode.swift; path = MapViewController.swift; sourceTree = "<group>"; };
		9B453FA725E75F95009808EC /* en */ = {isa = PBXFileReference; lastKnownFileType = text.plist.strings; name = en; path = en.lproj/Main.strings; sourceTree = "<group>"; };
		9B453FA825E76020009808EC /* es */ = {isa = PBXFileReference; lastKnownFileType = text.plist.strings; name = es; path = es.lproj/Main.strings; sourceTree = "<group>"; };
		9B453FB725E76B41009808EC /* en */ = {isa = PBXFileReference; lastKnownFileType = text.plist.strings; name = en; path = en.lproj/Localizable.strings; sourceTree = "<group>"; };
		9B453FBB25E76BD7009808EC /* es */ = {isa = PBXFileReference; lastKnownFileType = text.plist.strings; name = es; path = es.lproj/Localizable.strings; sourceTree = "<group>"; };
		9BCE845525DE1124002B45CC /* WorldTrotter.app */ = {isa = PBXFileReference; explicitFileType = wrapper.application; includeInIndex = 0; path = WorldTrotter.app; sourceTree = BUILT_PRODUCTS_DIR; };
		9BCE845825DE1124002B45CC /* AppDelegate.swift */ = {isa = PBXFileReference; lastKnownFileType = sourcecode.swift; path = AppDelegate.swift; sourceTree = "<group>"; };
		9BCE845A25DE1124002B45CC /* SceneDelegate.swift */ = {isa = PBXFileReference; lastKnownFileType = sourcecode.swift; path = SceneDelegate.swift; sourceTree = "<group>"; };
		9BCE845C25DE1124002B45CC /* ConversionViewController.swift */ = {isa = PBXFileReference; lastKnownFileType = sourcecode.swift; path = ConversionViewController.swift; sourceTree = "<group>"; };
		9BCE845F25DE1124002B45CC /* Base */ = {isa = PBXFileReference; lastKnownFileType = file.storyboard; name = Base; path = Base.lproj/Main.storyboard; sourceTree = "<group>"; };
		9BCE846125DE1125002B45CC /* Assets.xcassets */ = {isa = PBXFileReference; lastKnownFileType = folder.assetcatalog; path = Assets.xcassets; sourceTree = "<group>"; };
		9BCE846425DE1125002B45CC /* Base */ = {isa = PBXFileReference; lastKnownFileType = file.storyboard; name = Base; path = Base.lproj/LaunchScreen.storyboard; sourceTree = "<group>"; };
		9BCE846625DE1125002B45CC /* Info.plist */ = {isa = PBXFileReference; lastKnownFileType = text.plist.xml; path = Info.plist; sourceTree = "<group>"; };
		9BCE846B25DE1125002B45CC /* WorldTrotterTests.xctest */ = {isa = PBXFileReference; explicitFileType = wrapper.cfbundle; includeInIndex = 0; path = WorldTrotterTests.xctest; sourceTree = BUILT_PRODUCTS_DIR; };
		9BCE846F25DE1125002B45CC /* WorldTrotterTests.swift */ = {isa = PBXFileReference; lastKnownFileType = sourcecode.swift; path = WorldTrotterTests.swift; sourceTree = "<group>"; };
		9BCE847125DE1125002B45CC /* Info.plist */ = {isa = PBXFileReference; lastKnownFileType = text.plist.xml; path = Info.plist; sourceTree = "<group>"; };
		9BCE847625DE1125002B45CC /* WorldTrotterUITests.xctest */ = {isa = PBXFileReference; explicitFileType = wrapper.cfbundle; includeInIndex = 0; path = WorldTrotterUITests.xctest; sourceTree = BUILT_PRODUCTS_DIR; };
		9BCE847A25DE1125002B45CC /* WorldTrotterUITests.swift */ = {isa = PBXFileReference; lastKnownFileType = sourcecode.swift; path = WorldTrotterUITests.swift; sourceTree = "<group>"; };
		9BCE847C25DE1125002B45CC /* Info.plist */ = {isa = PBXFileReference; lastKnownFileType = text.plist.xml; path = Info.plist; sourceTree = "<group>"; };
/* End PBXFileReference section */

/* Begin PBXFrameworksBuildPhase section */
		9BCE845225DE1124002B45CC /* Frameworks */ = {
			isa = PBXFrameworksBuildPhase;
			buildActionMask = 2147483647;
			files = (
			);
			runOnlyForDeploymentPostprocessing = 0;
		};
		9BCE846825DE1125002B45CC /* Frameworks */ = {
			isa = PBXFrameworksBuildPhase;
			buildActionMask = 2147483647;
			files = (
			);
			runOnlyForDeploymentPostprocessing = 0;
		};
		9BCE847325DE1125002B45CC /* Frameworks */ = {
			isa = PBXFrameworksBuildPhase;
			buildActionMask = 2147483647;
			files = (
			);
			runOnlyForDeploymentPostprocessing = 0;
		};
/* End PBXFrameworksBuildPhase section */

/* Begin PBXGroup section */
		9BCE844C25DE1124002B45CC = {
			isa = PBXGroup;
			children = (
				9BCE845725DE1124002B45CC /* WorldTrotter */,
				9BCE846E25DE1125002B45CC /* WorldTrotterTests */,
				9BCE847925DE1125002B45CC /* WorldTrotterUITests */,
				9BCE845625DE1124002B45CC /* Products */,
			);
			sourceTree = "<group>";
		};
		9BCE845625DE1124002B45CC /* Products */ = {
			isa = PBXGroup;
			children = (
				9BCE845525DE1124002B45CC /* WorldTrotter.app */,
				9BCE846B25DE1125002B45CC /* WorldTrotterTests.xctest */,
				9BCE847625DE1125002B45CC /* WorldTrotterUITests.xctest */,
			);
			name = Products;
			sourceTree = "<group>";
		};
		9BCE845725DE1124002B45CC /* WorldTrotter */ = {
			isa = PBXGroup;
			children = (
				9B453FB625E76B2C009808EC /* Localizable.strings */,
				9BCE845825DE1124002B45CC /* AppDelegate.swift */,
				9BCE845A25DE1124002B45CC /* SceneDelegate.swift */,
				9B43149A25DF8507006D4A41 /* MapViewController.swift */,
				9BCE845C25DE1124002B45CC /* ConversionViewController.swift */,
				9BCE845E25DE1124002B45CC /* Main.storyboard */,
				9BCE846125DE1125002B45CC /* Assets.xcassets */,
				9BCE846325DE1125002B45CC /* LaunchScreen.storyboard */,
				9BCE846625DE1125002B45CC /* Info.plist */,
			);
			path = WorldTrotter;
			sourceTree = "<group>";
		};
		9BCE846E25DE1125002B45CC /* WorldTrotterTests */ = {
			isa = PBXGroup;
			children = (
				9BCE846F25DE1125002B45CC /* WorldTrotterTests.swift */,
				9BCE847125DE1125002B45CC /* Info.plist */,
			);
			path = WorldTrotterTests;
			sourceTree = "<group>";
		};
		9BCE847925DE1125002B45CC /* WorldTrotterUITests */ = {
			isa = PBXGroup;
			children = (
				9BCE847A25DE1125002B45CC /* WorldTrotterUITests.swift */,
				9BCE847C25DE1125002B45CC /* Info.plist */,
			);
			path = WorldTrotterUITests;
			sourceTree = "<group>";
		};
/* End PBXGroup section */

/* Begin PBXNativeTarget section */
		9BCE845425DE1124002B45CC /* WorldTrotter */ = {
			isa = PBXNativeTarget;
			buildConfigurationList = 9BCE847F25DE1125002B45CC /* Build configuration list for PBXNativeTarget "WorldTrotter" */;
			buildPhases = (
				9BCE845125DE1124002B45CC /* Sources */,
				9BCE845225DE1124002B45CC /* Frameworks */,
				9BCE845325DE1124002B45CC /* Resources */,
			);
			buildRules = (
			);
			dependencies = (
			);
			name = WorldTrotter;
			productName = WorldTrotter;
			productReference = 9BCE845525DE1124002B45CC /* WorldTrotter.app */;
			productType = "com.apple.product-type.application";
		};
		9BCE846A25DE1125002B45CC /* WorldTrotterTests */ = {
			isa = PBXNativeTarget;
			buildConfigurationList = 9BCE848225DE1125002B45CC /* Build configuration list for PBXNativeTarget "WorldTrotterTests" */;
			buildPhases = (
				9BCE846725DE1125002B45CC /* Sources */,
				9BCE846825DE1125002B45CC /* Frameworks */,
				9BCE846925DE1125002B45CC /* Resources */,
			);
			buildRules = (
			);
			dependencies = (
				9BCE846D25DE1125002B45CC /* PBXTargetDependency */,
			);
			name = WorldTrotterTests;
			productName = WorldTrotterTests;
			productReference = 9BCE846B25DE1125002B45CC /* WorldTrotterTests.xctest */;
			productType = "com.apple.product-type.bundle.unit-test";
		};
		9BCE847525DE1125002B45CC /* WorldTrotterUITests */ = {
			isa = PBXNativeTarget;
			buildConfigurationList = 9BCE848525DE1125002B45CC /* Build configuration list for PBXNativeTarget "WorldTrotterUITests" */;
			buildPhases = (
				9BCE847225DE1125002B45CC /* Sources */,
				9BCE847325DE1125002B45CC /* Frameworks */,
				9BCE847425DE1125002B45CC /* Resources */,
			);
			buildRules = (
			);
			dependencies = (
				9BCE847825DE1125002B45CC /* PBXTargetDependency */,
			);
			name = WorldTrotterUITests;
			productName = WorldTrotterUITests;
			productReference = 9BCE847625DE1125002B45CC /* WorldTrotterUITests.xctest */;
			productType = "com.apple.product-type.bundle.ui-testing";
		};
/* End PBXNativeTarget section */

/* Begin PBXProject section */
		9BCE844D25DE1124002B45CC /* Project object */ = {
			isa = PBXProject;
			attributes = {
				LastSwiftUpdateCheck = 1240;
				LastUpgradeCheck = 1240;
				TargetAttributes = {
					9BCE845425DE1124002B45CC = {
						CreatedOnToolsVersion = 12.4;
					};
					9BCE846A25DE1125002B45CC = {
						CreatedOnToolsVersion = 12.4;
						TestTargetID = 9BCE845425DE1124002B45CC;
					};
					9BCE847525DE1125002B45CC = {
						CreatedOnToolsVersion = 12.4;
						TestTargetID = 9BCE845425DE1124002B45CC;
					};
				};
			};
			buildConfigurationList = 9BCE845025DE1124002B45CC /* Build configuration list for PBXProject "WorldTrotter" */;
			compatibilityVersion = "Xcode 9.3";
			developmentRegion = en;
			hasScannedForEncodings = 0;
			knownRegions = (
				en,
				Base,
				es,
			);
			mainGroup = 9BCE844C25DE1124002B45CC;
			productRefGroup = 9BCE845625DE1124002B45CC /* Products */;
			projectDirPath = "";
			projectRoot = "";
			targets = (
				9BCE845425DE1124002B45CC /* WorldTrotter */,
				9BCE846A25DE1125002B45CC /* WorldTrotterTests */,
				9BCE847525DE1125002B45CC /* WorldTrotterUITests */,
			);
		};
/* End PBXProject section */

/* Begin PBXResourcesBuildPhase section */
		9BCE845325DE1124002B45CC /* Resources */ = {
			isa = PBXResourcesBuildPhase;
			buildActionMask = 2147483647;
			files = (
				9BCE846525DE1125002B45CC /* LaunchScreen.storyboard in Resources */,
				9B453FB425E76B2C009808EC /* Localizable.strings in Resources */,
				9BCE846225DE1125002B45CC /* Assets.xcassets in Resources */,
				9BCE846025DE1124002B45CC /* Main.storyboard in Resources */,
			);
			runOnlyForDeploymentPostprocessing = 0;
		};
		9BCE846925DE1125002B45CC /* Resources */ = {
			isa = PBXResourcesBuildPhase;
			buildActionMask = 2147483647;
			files = (
			);
			runOnlyForDeploymentPostprocessing = 0;
		};
		9BCE847425DE1125002B45CC /* Resources */ = {
			isa = PBXResourcesBuildPhase;
			buildActionMask = 2147483647;
			files = (
			);
			runOnlyForDeploymentPostprocessing = 0;
		};
/* End PBXResourcesBuildPhase section */

/* Begin PBXSourcesBuildPhase section */
		9BCE845125DE1124002B45CC /* Sources */ = {
			isa = PBXSourcesBuildPhase;
			buildActionMask = 2147483647;
			files = (
				9BCE845D25DE1124002B45CC /* ConversionViewController.swift in Sources */,
				9BCE845925DE1124002B45CC /* AppDelegate.swift in Sources */,
				9BCE845B25DE1124002B45CC /* SceneDelegate.swift in Sources */,
				9B43149B25DF8507006D4A41 /* MapViewController.swift in Sources */,
			);
			runOnlyForDeploymentPostprocessing = 0;
		};
		9BCE846725DE1125002B45CC /* Sources */ = {
			isa = PBXSourcesBuildPhase;
			buildActionMask = 2147483647;
			files = (
				9BCE847025DE1125002B45CC /* WorldTrotterTests.swift in Sources */,
			);
			runOnlyForDeploymentPostprocessing = 0;
		};
		9BCE847225DE1125002B45CC /* Sources */ = {
			isa = PBXSourcesBuildPhase;
			buildActionMask = 2147483647;
			files = (
				9BCE847B25DE1125002B45CC /* WorldTrotterUITests.swift in Sources */,
			);
			runOnlyForDeploymentPostprocessing = 0;
		};
/* End PBXSourcesBuildPhase section */

/* Begin PBXTargetDependency section */
		9BCE846D25DE1125002B45CC /* PBXTargetDependency */ = {
			isa = PBXTargetDependency;
			target = 9BCE845425DE1124002B45CC /* WorldTrotter */;
			targetProxy = 9BCE846C25DE1125002B45CC /* PBXContainerItemProxy */;
		};
		9BCE847825DE1125002B45CC /* PBXTargetDependency */ = {
			isa = PBXTargetDependency;
			target = 9BCE845425DE1124002B45CC /* WorldTrotter */;
			targetProxy = 9BCE847725DE1125002B45CC /* PBXContainerItemProxy */;
		};
/* End PBXTargetDependency section */

/* Begin PBXVariantGroup section */
		9B453FB625E76B2C009808EC /* Localizable.strings */ = {
			isa = PBXVariantGroup;
			children = (
				9B453FB725E76B41009808EC /* en */,
				9B453FBB25E76BD7009808EC /* es */,
			);
			name = Localizable.strings;
			sourceTree = "<group>";
		};
		9BCE845E25DE1124002B45CC /* Main.storyboard */ = {
			isa = PBXVariantGroup;
			children = (
				9BCE845F25DE1124002B45CC /* Base */,
				9B453FA725E75F95009808EC /* en */,
				9B453FA825E76020009808EC /* es */,
			);
			name = Main.storyboard;
			sourceTree = "<group>";
		};
		9BCE846325DE1125002B45CC /* LaunchScreen.storyboard */ = {
			isa = PBXVariantGroup;
			children = (
				9BCE846425DE1125002B45CC /* Base */,
			);
			name = LaunchScreen.storyboard;
			sourceTree = "<group>";
		};
/* End PBXVariantGroup section */

/* Begin XCBuildConfiguration section */
		9BCE847D25DE1125002B45CC /* Debug */ = {
			isa = XCBuildConfiguration;
			buildSettings = {
				ALWAYS_SEARCH_USER_PATHS = NO;
				CLANG_ANALYZER_LOCALIZABILITY_NONLOCALIZED = YES;
				CLANG_ANALYZER_NONNULL = YES;
				CLANG_ANALYZER_NUMBER_OBJECT_CONVERSION = YES_AGGRESSIVE;
				CLANG_CXX_LANGUAGE_STANDARD = "gnu++14";
				CLANG_CXX_LIBRARY = "libc++";
				CLANG_ENABLE_MODULES = YES;
				CLANG_ENABLE_OBJC_ARC = YES;
				CLANG_ENABLE_OBJC_WEAK = YES;
				CLANG_WARN_BLOCK_CAPTURE_AUTORELEASING = YES;
				CLANG_WARN_BOOL_CONVERSION = YES;
				CLANG_WARN_COMMA = YES;
				CLANG_WARN_CONSTANT_CONVERSION = YES;
				CLANG_WARN_DEPRECATED_OBJC_IMPLEMENTATIONS = YES;
				CLANG_WARN_DIRECT_OBJC_ISA_USAGE = YES_ERROR;
				CLANG_WARN_DOCUMENTATION_COMMENTS = YES;
				CLANG_WARN_EMPTY_BODY = YES;
				CLANG_WARN_ENUM_CONVERSION = YES;
				CLANG_WARN_INFINITE_RECURSION = YES;
				CLANG_WARN_INT_CONVERSION = YES;
				CLANG_WARN_NON_LITERAL_NULL_CONVERSION = YES;
				CLANG_WARN_OBJC_IMPLICIT_RETAIN_SELF = YES;
				CLANG_WARN_OBJC_LITERAL_CONVERSION = YES;
				CLANG_WARN_OBJC_ROOT_CLASS = YES_ERROR;
				CLANG_WARN_QUOTED_INCLUDE_IN_FRAMEWORK_HEADER = YES;
				CLANG_WARN_RANGE_LOOP_ANALYSIS = YES;
				CLANG_WARN_STRICT_PROTOTYPES = YES;
				CLANG_WARN_SUSPICIOUS_MOVE = YES;
				CLANG_WARN_UNGUARDED_AVAILABILITY = YES_AGGRESSIVE;
				CLANG_WARN_UNREACHABLE_CODE = YES;
				CLANG_WARN__DUPLICATE_METHOD_MATCH = YES;
				COPY_PHASE_STRIP = NO;
				DEBUG_INFORMATION_FORMAT = dwarf;
				ENABLE_STRICT_OBJC_MSGSEND = YES;
				ENABLE_TESTABILITY = YES;
				GCC_C_LANGUAGE_STANDARD = gnu11;
				GCC_DYNAMIC_NO_PIC = NO;
				GCC_NO_COMMON_BLOCKS = YES;
				GCC_OPTIMIZATION_LEVEL = 0;
				GCC_PREPROCESSOR_DEFINITIONS = (
					"DEBUG=1",
					"$(inherited)",
				);
				GCC_WARN_64_TO_32_BIT_CONVERSION = YES;
				GCC_WARN_ABOUT_RETURN_TYPE = YES_ERROR;
				GCC_WARN_UNDECLARED_SELECTOR = YES;
				GCC_WARN_UNINITIALIZED_AUTOS = YES_AGGRESSIVE;
				GCC_WARN_UNUSED_FUNCTION = YES;
				GCC_WARN_UNUSED_VARIABLE = YES;
				IPHONEOS_DEPLOYMENT_TARGET = 14.4;
				MTL_ENABLE_DEBUG_INFO = INCLUDE_SOURCE;
				MTL_FAST_MATH = YES;
				ONLY_ACTIVE_ARCH = YES;
				SDKROOT = iphoneos;
				SWIFT_ACTIVE_COMPILATION_CONDITIONS = DEBUG;
				SWIFT_OPTIMIZATION_LEVEL = "-Onone";
			};
			name = Debug;
		};
		9BCE847E25DE1125002B45CC /* Release */ = {
			isa = XCBuildConfiguration;
			buildSettings = {
				ALWAYS_SEARCH_USER_PATHS = NO;
				CLANG_ANALYZER_LOCALIZABILITY_NONLOCALIZED = YES;
				CLANG_ANALYZER_NONNULL = YES;
				CLANG_ANALYZER_NUMBER_OBJECT_CONVERSION = YES_AGGRESSIVE;
				CLANG_CXX_LANGUAGE_STANDARD = "gnu++14";
				CLANG_CXX_LIBRARY = "libc++";
				CLANG_ENABLE_MODULES = YES;
				CLANG_ENABLE_OBJC_ARC = YES;
				CLANG_ENABLE_OBJC_WEAK = YES;
				CLANG_WARN_BLOCK_CAPTURE_AUTORELEASING = YES;
				CLANG_WARN_BOOL_CONVERSION = YES;
				CLANG_WARN_COMMA = YES;
				CLANG_WARN_CONSTANT_CONVERSION = YES;
				CLANG_WARN_DEPRECATED_OBJC_IMPLEMENTATIONS = YES;
				CLANG_WARN_DIRECT_OBJC_ISA_USAGE = YES_ERROR;
				CLANG_WARN_DOCUMENTATION_COMMENTS = YES;
				CLANG_WARN_EMPTY_BODY = YES;
				CLANG_WARN_ENUM_CONVERSION = YES;
				CLANG_WARN_INFINITE_RECURSION = YES;
				CLANG_WARN_INT_CONVERSION = YES;
				CLANG_WARN_NON_LITERAL_NULL_CONVERSION = YES;
				CLANG_WARN_OBJC_IMPLICIT_RETAIN_SELF = YES;
				CLANG_WARN_OBJC_LITERAL_CONVERSION = YES;
				CLANG_WARN_OBJC_ROOT_CLASS = YES_ERROR;
				CLANG_WARN_QUOTED_INCLUDE_IN_FRAMEWORK_HEADER = YES;
				CLANG_WARN_RANGE_LOOP_ANALYSIS = YES;
				CLANG_WARN_STRICT_PROTOTYPES = YES;
				CLANG_WARN_SUSPICIOUS_MOVE = YES;
				CLANG_WARN_UNGUARDED_AVAILABILITY = YES_AGGRESSIVE;
				CLANG_WARN_UNREACHABLE_CODE = YES;
				CLANG_WARN__DUPLICATE_METHOD_MATCH = YES;
				COPY_PHASE_STRIP = NO;
				DEBUG_INFORMATION_FORMAT = "dwarf-with-dsym";
				ENABLE_NS_ASSERTIONS = NO;
				ENABLE_STRICT_OBJC_MSGSEND = YES;
				GCC_C_LANGUAGE_STANDARD = gnu11;
				GCC_NO_COMMON_BLOCKS = YES;
				GCC_WARN_64_TO_32_BIT_CONVERSION = YES;
				GCC_WARN_ABOUT_RETURN_TYPE = YES_ERROR;
				GCC_WARN_UNDECLARED_SELECTOR = YES;
				GCC_WARN_UNINITIALIZED_AUTOS = YES_AGGRESSIVE;
				GCC_WARN_UNUSED_FUNCTION = YES;
				GCC_WARN_UNUSED_VARIABLE = YES;
				IPHONEOS_DEPLOYMENT_TARGET = 14.4;
				MTL_ENABLE_DEBUG_INFO = NO;
				MTL_FAST_MATH = YES;
				SDKROOT = iphoneos;
				SWIFT_COMPILATION_MODE = wholemodule;
				SWIFT_OPTIMIZATION_LEVEL = "-O";
				VALIDATE_PRODUCT = YES;
			};
			name = Release;
		};
		9BCE848025DE1125002B45CC /* Debug */ = {
			isa = XCBuildConfiguration;
			buildSettings = {
				ASSETCATALOG_COMPILER_APPICON_NAME = AppIcon;
				ASSETCATALOG_COMPILER_GLOBAL_ACCENT_COLOR_NAME = AccentColor;
				CODE_SIGN_STYLE = Automatic;
				INFOPLIST_FILE = WorldTrotter/Info.plist;
				LD_RUNPATH_SEARCH_PATHS = (
					"$(inherited)",
					"@executable_path/Frameworks",
				);
				PRODUCT_BUNDLE_IDENTIFIER = None.WorldTrotter;
				PRODUCT_NAME = "$(TARGET_NAME)";
				SWIFT_VERSION = 5.0;
				TARGETED_DEVICE_FAMILY = "1,2";
			};
			name = Debug;
		};
		9BCE848125DE1125002B45CC /* Release */ = {
			isa = XCBuildConfiguration;
			buildSettings = {
				ASSETCATALOG_COMPILER_APPICON_NAME = AppIcon;
				ASSETCATALOG_COMPILER_GLOBAL_ACCENT_COLOR_NAME = AccentColor;
				CODE_SIGN_STYLE = Automatic;
				INFOPLIST_FILE = WorldTrotter/Info.plist;
				LD_RUNPATH_SEARCH_PATHS = (
					"$(inherited)",
					"@executable_path/Frameworks",
				);
				PRODUCT_BUNDLE_IDENTIFIER = None.WorldTrotter;
				PRODUCT_NAME = "$(TARGET_NAME)";
				SWIFT_VERSION = 5.0;
				TARGETED_DEVICE_FAMILY = "1,2";
			};
			name = Release;
		};
		9BCE848325DE1125002B45CC /* Debug */ = {
			isa = XCBuildConfiguration;
			buildSettings = {
				ALWAYS_EMBED_SWIFT_STANDARD_LIBRARIES = YES;
				BUNDLE_LOADER = "$(TEST_HOST)";
				CODE_SIGN_STYLE = Automatic;
				INFOPLIST_FILE = WorldTrotterTests/Info.plist;
				IPHONEOS_DEPLOYMENT_TARGET = 14.4;
				LD_RUNPATH_SEARCH_PATHS = (
					"$(inherited)",
					"@executable_path/Frameworks",
					"@loader_path/Frameworks",
				);
				PRODUCT_BUNDLE_IDENTIFIER = None.WorldTrotterTests;
				PRODUCT_NAME = "$(TARGET_NAME)";
				SWIFT_VERSION = 5.0;
				TARGETED_DEVICE_FAMILY = "1,2";
				TEST_HOST = "$(BUILT_PRODUCTS_DIR)/WorldTrotter.app/WorldTrotter";
			};
			name = Debug;
		};
		9BCE848425DE1125002B45CC /* Release */ = {
			isa = XCBuildConfiguration;
			buildSettings = {
				ALWAYS_EMBED_SWIFT_STANDARD_LIBRARIES = YES;
				BUNDLE_LOADER = "$(TEST_HOST)";
				CODE_SIGN_STYLE = Automatic;
				INFOPLIST_FILE = WorldTrotterTests/Info.plist;
				IPHONEOS_DEPLOYMENT_TARGET = 14.4;
				LD_RUNPATH_SEARCH_PATHS = (
					"$(inherited)",
					"@executable_path/Frameworks",
					"@loader_path/Frameworks",
				);
				PRODUCT_BUNDLE_IDENTIFIER = None.WorldTrotterTests;
				PRODUCT_NAME = "$(TARGET_NAME)";
				SWIFT_VERSION = 5.0;
				TARGETED_DEVICE_FAMILY = "1,2";
				TEST_HOST = "$(BUILT_PRODUCTS_DIR)/WorldTrotter.app/WorldTrotter";
			};
			name = Release;
		};
		9BCE848625DE1125002B45CC /* Debug */ = {
			isa = XCBuildConfiguration;
			buildSettings = {
				ALWAYS_EMBED_SWIFT_STANDARD_LIBRARIES = YES;
				CODE_SIGN_STYLE = Automatic;
				INFOPLIST_FILE = WorldTrotterUITests/Info.plist;
				LD_RUNPATH_SEARCH_PATHS = (
					"$(inherited)",
					"@executable_path/Frameworks",
					"@loader_path/Frameworks",
				);
				PRODUCT_BUNDLE_IDENTIFIER = None.WorldTrotterUITests;
				PRODUCT_NAME = "$(TARGET_NAME)";
				SWIFT_VERSION = 5.0;
				TARGETED_DEVICE_FAMILY = "1,2";
				TEST_TARGET_NAME = WorldTrotter;
			};
			name = Debug;
		};
		9BCE848725DE1125002B45CC /* Release */ = {
			isa = XCBuildConfiguration;
			buildSettings = {
				ALWAYS_EMBED_SWIFT_STANDARD_LIBRARIES = YES;
				CODE_SIGN_STYLE = Automatic;
				INFOPLIST_FILE = WorldTrotterUITests/Info.plist;
				LD_RUNPATH_SEARCH_PATHS = (
					"$(inherited)",
					"@executable_path/Frameworks",
					"@loader_path/Frameworks",
				);
				PRODUCT_BUNDLE_IDENTIFIER = None.WorldTrotterUITests;
				PRODUCT_NAME = "$(TARGET_NAME)";
				SWIFT_VERSION = 5.0;
				TARGETED_DEVICE_FAMILY = "1,2";
				TEST_TARGET_NAME = WorldTrotter;
			};
			name = Release;
		};
/* End XCBuildConfiguration section */

/* Begin XCConfigurationList section */
		9BCE845025DE1124002B45CC /* Build configuration list for PBXProject "WorldTrotter" */ = {
			isa = XCConfigurationList;
			buildConfigurations = (
				9BCE847D25DE1125002B45CC /* Debug */,
				9BCE847E25DE1125002B45CC /* Release */,
			);
			defaultConfigurationIsVisible = 0;
			defaultConfigurationName = Release;
		};
		9BCE847F25DE1125002B45CC /* Build configuration list for PBXNativeTarget "WorldTrotter" */ = {
			isa = XCConfigurationList;
			buildConfigurations = (
				9BCE848025DE1125002B45CC /* Debug */,
				9BCE848125DE1125002B45CC /* Release */,
			);
			defaultConfigurationIsVisible = 0;
			defaultConfigurationName = Release;
		};
		9BCE848225DE1125002B45CC /* Build configuration list for PBXNativeTarget "WorldTrotterTests" */ = {
			isa = XCConfigurationList;
			buildConfigurations = (
				9BCE848325DE1125002B45CC /* Debug */,
				9BCE848425DE1125002B45CC /* Release */,
			);
			defaultConfigurationIsVisible = 0;
			defaultConfigurationName = Release;
		};
		9BCE848525DE1125002B45CC /* Build configuration list for PBXNativeTarget "WorldTrotterUITests" */ = {
			isa = XCConfigurationList;
			buildConfigurations = (
				9BCE848625DE1125002B45CC /* Debug */,
				9BCE848725DE1125002B45CC /* Release */,
			);
			defaultConfigurationIsVisible = 0;
			defaultConfigurationName = Release;
		};
/* End XCConfigurationList section */
	};
	rootObject = 9BCE844D25DE1124002B45CC /* Project object */;
}
